// !$*UTF8*$!
{
	archiveVersion = 1;
	classes = {
	};
	objectVersion = 56;
	objects = {

/* Begin PBXBuildFile section */
		8E15C7352B565AA1001468C7 /* MyProfileDescEditView.swift in Sources */ = {isa = PBXBuildFile; fileRef = 8E15C7342B565AA1001468C7 /* MyProfileDescEditView.swift */; };
		8E15C7372B567063001468C7 /* PhotoPickerService.swift in Sources */ = {isa = PBXBuildFile; fileRef = 8E15C7362B567063001468C7 /* PhotoPickerService.swift */; };
		8E15C73A2B56727D001468C7 /* PhotoImage.swift in Sources */ = {isa = PBXBuildFile; fileRef = 8E15C7392B56727D001468C7 /* PhotoImage.swift */; };
		8E15C73C2B579552001468C7 /* FirebaseStorage in Frameworks */ = {isa = PBXBuildFile; productRef = 8E15C73B2B579552001468C7 /* FirebaseStorage */; };
		8E15C73E2B579552001468C7 /* FirebaseStorageCombine-Community in Frameworks */ = {isa = PBXBuildFile; productRef = 8E15C73D2B579552001468C7 /* FirebaseStorageCombine-Community */; };
		8E15C7412B5795A2001468C7 /* UploadProvider.swift in Sources */ = {isa = PBXBuildFile; fileRef = 8E15C7402B5795A2001468C7 /* UploadProvider.swift */; };
		8E15C7432B579688001468C7 /* UploadService.swift in Sources */ = {isa = PBXBuildFile; fileRef = 8E15C7422B579688001468C7 /* UploadService.swift */; };
		8E15C7462B579767001468C7 /* UploadSourceType.swift in Sources */ = {isa = PBXBuildFile; fileRef = 8E15C7452B579767001468C7 /* UploadSourceType.swift */; };
		8E15C7482B579EA8001468C7 /* ImageCacheService.swift in Sources */ = {isa = PBXBuildFile; fileRef = 8E15C7472B579EA8001468C7 /* ImageCacheService.swift */; };
		8E15C74B2B57A0AC001468C7 /* MemoryStorage.swift in Sources */ = {isa = PBXBuildFile; fileRef = 8E15C74A2B57A0AC001468C7 /* MemoryStorage.swift */; };
		8E15C74D2B57A17E001468C7 /* DiskStorage.swift in Sources */ = {isa = PBXBuildFile; fileRef = 8E15C74C2B57A17E001468C7 /* DiskStorage.swift */; };
		8E15C74F2B57AA80001468C7 /* URLImageView.swift in Sources */ = {isa = PBXBuildFile; fileRef = 8E15C74E2B57AA80001468C7 /* URLImageView.swift */; };
		8E15C7522B57AAA4001468C7 /* URLImageViewModel.swift in Sources */ = {isa = PBXBuildFile; fileRef = 8E15C7512B57AAA4001468C7 /* URLImageViewModel.swift */; };
		8E15C7562B57BD7D001468C7 /* OtherProfileViewModel.swift in Sources */ = {isa = PBXBuildFile; fileRef = 8E15C7552B57BD7D001468C7 /* OtherProfileViewModel.swift */; };
		8E15C7582B57BDF9001468C7 /* OtherProfileMenuType.swift in Sources */ = {isa = PBXBuildFile; fileRef = 8E15C7572B57BDF9001468C7 /* OtherProfileMenuType.swift */; };
		8E15C75A2B57C1ED001468C7 /* ChatRoomDBRepository.swift in Sources */ = {isa = PBXBuildFile; fileRef = 8E15C7592B57C1ED001468C7 /* ChatRoomDBRepository.swift */; };
		8E15C75C2B57C26C001468C7 /* ChatRoomObject.swift in Sources */ = {isa = PBXBuildFile; fileRef = 8E15C75B2B57C26C001468C7 /* ChatRoomObject.swift */; };
		8E15C75E2B57C807001468C7 /* ChatRoomService.swift in Sources */ = {isa = PBXBuildFile; fileRef = 8E15C75D2B57C807001468C7 /* ChatRoomService.swift */; };
		8E15C7602B57CB76001468C7 /* ChatRoom.swift in Sources */ = {isa = PBXBuildFile; fileRef = 8E15C75F2B57CB76001468C7 /* ChatRoom.swift */; };
		8E15C7632B57D9F9001468C7 /* NavigationDestination.swift in Sources */ = {isa = PBXBuildFile; fileRef = 8E15C7622B57D9F9001468C7 /* NavigationDestination.swift */; };
		8E15C7652B57DA37001468C7 /* NavigationRouter.swift in Sources */ = {isa = PBXBuildFile; fileRef = 8E15C7642B57DA37001468C7 /* NavigationRouter.swift */; };
		8E15C7682B57DD6E001468C7 /* ChatView.swift in Sources */ = {isa = PBXBuildFile; fileRef = 8E15C7672B57DD6E001468C7 /* ChatView.swift */; };
		8E15C76B2B57DDA0001468C7 /* SearchView.swift in Sources */ = {isa = PBXBuildFile; fileRef = 8E15C76A2B57DDA0001468C7 /* SearchView.swift */; };
		8E15C76D2B5A4E3E001468C7 /* ChatListViewModel.swift in Sources */ = {isa = PBXBuildFile; fileRef = 8E15C76C2B5A4E3E001468C7 /* ChatListViewModel.swift */; };
		8E15C76F2B5A5044001468C7 /* SearchButton.swift in Sources */ = {isa = PBXBuildFile; fileRef = 8E15C76E2B5A5044001468C7 /* SearchButton.swift */; };
		8E15C7712B5A5C1E001468C7 /* NavigationRoutingView.swift in Sources */ = {isa = PBXBuildFile; fileRef = 8E15C7702B5A5C1E001468C7 /* NavigationRoutingView.swift */; };
		8E15C7862B5B99BA001468C7 /* ChatViewModel.swift in Sources */ = {isa = PBXBuildFile; fileRef = 8E15C7852B5B99BA001468C7 /* ChatViewModel.swift */; };
		8E15C7882B5B9FEC001468C7 /* Chat.swift in Sources */ = {isa = PBXBuildFile; fileRef = 8E15C7872B5B9FEC001468C7 /* Chat.swift */; };
		8E15C78A2B5BA091001468C7 /* ChatData.swift in Sources */ = {isa = PBXBuildFile; fileRef = 8E15C7892B5BA091001468C7 /* ChatData.swift */; };
		8E15C78C2B5BA122001468C7 /* Date+Extension.swift in Sources */ = {isa = PBXBuildFile; fileRef = 8E15C78B2B5BA122001468C7 /* Date+Extension.swift */; };
		8E15C78E2B5BA5FF001468C7 /* ChatItemView.swift in Sources */ = {isa = PBXBuildFile; fileRef = 8E15C78D2B5BA5FF001468C7 /* ChatItemView.swift */; };
		8E15C7902B5BA616001468C7 /* ChatItemDirection.swift in Sources */ = {isa = PBXBuildFile; fileRef = 8E15C78F2B5BA616001468C7 /* ChatItemDirection.swift */; };
		8E15C7922B5BAE37001468C7 /* KeyboardToolbar.swift in Sources */ = {isa = PBXBuildFile; fileRef = 8E15C7912B5BAE37001468C7 /* KeyboardToolbar.swift */; };
		8E15C7992B5D46E3001468C7 /* ChatDBRepository.swift in Sources */ = {isa = PBXBuildFile; fileRef = 8E15C7982B5D46E3001468C7 /* ChatDBRepository.swift */; };
		8E15C79B2B5D491B001468C7 /* ChatObject.swift in Sources */ = {isa = PBXBuildFile; fileRef = 8E15C79A2B5D491B001468C7 /* ChatObject.swift */; };
		8E15C79D2B5D4A60001468C7 /* ChatService.swift in Sources */ = {isa = PBXBuildFile; fileRef = 8E15C79C2B5D4A60001468C7 /* ChatService.swift */; };
		8E15C79F2B5D5C4D001468C7 /* DBReference.swift in Sources */ = {isa = PBXBuildFile; fileRef = 8E15C79E2B5D5C4D001468C7 /* DBReference.swift */; };
		8E4BB4892B5154750039FBB7 /* DIContainer.swift in Sources */ = {isa = PBXBuildFile; fileRef = 8E4BB4882B5154750039FBB7 /* DIContainer.swift */; };
		8E4BB48C2B5154AA0039FBB7 /* Services.swift in Sources */ = {isa = PBXBuildFile; fileRef = 8E4BB48B2B5154AA0039FBB7 /* Services.swift */; };
		8E4BB48F2B5155940039FBB7 /* AuthenticationViewModel.swift in Sources */ = {isa = PBXBuildFile; fileRef = 8E4BB48E2B5155940039FBB7 /* AuthenticationViewModel.swift */; };
		8E4BB4952B51595A0039FBB7 /* FirebaseAuth in Frameworks */ = {isa = PBXBuildFile; productRef = 8E4BB4942B51595A0039FBB7 /* FirebaseAuth */; };
		8E4BB4972B5159A30039FBB7 /* AppDelegate.swift in Sources */ = {isa = PBXBuildFile; fileRef = 8E4BB4962B5159A30039FBB7 /* AppDelegate.swift */; };
		8E4BB4992B515F820039FBB7 /* GoogleService-Info.plist in Resources */ = {isa = PBXBuildFile; fileRef = 8E4BB4982B515F810039FBB7 /* GoogleService-Info.plist */; };
		8E4BB49B2B5160460039FBB7 /* AuthenticationService.swift in Sources */ = {isa = PBXBuildFile; fileRef = 8E4BB49A2B5160460039FBB7 /* AuthenticationService.swift */; };
		8E4BB4A12B5163500039FBB7 /* LoginIntroView.swift in Sources */ = {isa = PBXBuildFile; fileRef = 8E4BB4A02B5163500039FBB7 /* LoginIntroView.swift */; };
		8E4BB4A32B5163740039FBB7 /* MainTabView.swift in Sources */ = {isa = PBXBuildFile; fileRef = 8E4BB4A22B5163740039FBB7 /* MainTabView.swift */; };
		8E4BB4A52B52522D0039FBB7 /* LoginView.swift in Sources */ = {isa = PBXBuildFile; fileRef = 8E4BB4A42B52522D0039FBB7 /* LoginView.swift */; };
		8E4BB4A72B5253CC0039FBB7 /* LoginButtonStyle.swift in Sources */ = {isa = PBXBuildFile; fileRef = 8E4BB4A62B5253CC0039FBB7 /* LoginButtonStyle.swift */; };
		8E4BB4AA2B525D240039FBB7 /* GoogleSignIn in Frameworks */ = {isa = PBXBuildFile; productRef = 8E4BB4A92B525D240039FBB7 /* GoogleSignIn */; };
		8E4BB4AC2B525D2A0039FBB7 /* GoogleSignInSwift in Frameworks */ = {isa = PBXBuildFile; productRef = 8E4BB4AB2B525D2A0039FBB7 /* GoogleSignInSwift */; };
		8E4BB4AF2B525E1E0039FBB7 /* User.swift in Sources */ = {isa = PBXBuildFile; fileRef = 8E4BB4AE2B525E1E0039FBB7 /* User.swift */; };
		8E4BB4B12B525E7F0039FBB7 /* ServiceError.swift in Sources */ = {isa = PBXBuildFile; fileRef = 8E4BB4B02B525E7F0039FBB7 /* ServiceError.swift */; };
		8E6BBDB52B53B8A900317EDA /* MainTabType.swift in Sources */ = {isa = PBXBuildFile; fileRef = 8E6BBDB42B53B8A900317EDA /* MainTabType.swift */; };
		8E6BBDBE2B53BA5E00317EDA /* HomeView.swift in Sources */ = {isa = PBXBuildFile; fileRef = 8E6BBDBD2B53BA5E00317EDA /* HomeView.swift */; };
		8E6BBDC02B53BA6600317EDA /* ChatListView.swift in Sources */ = {isa = PBXBuildFile; fileRef = 8E6BBDBF2B53BA6600317EDA /* ChatListView.swift */; };
		8E6BBDC22B53BD9700317EDA /* HomeViewModel.swift in Sources */ = {isa = PBXBuildFile; fileRef = 8E6BBDC12B53BD9700317EDA /* HomeViewModel.swift */; };
		8E6BBDC42B53CB4F00317EDA /* FirebaseDatabase in Frameworks */ = {isa = PBXBuildFile; productRef = 8E6BBDC32B53CB4F00317EDA /* FirebaseDatabase */; };
		8E6BBDC72B53CE8B00317EDA /* UserDBRepository.swift in Sources */ = {isa = PBXBuildFile; fileRef = 8E6BBDC62B53CE8B00317EDA /* UserDBRepository.swift */; };
		8E6BBDC92B53CF0E00317EDA /* UserService.swift in Sources */ = {isa = PBXBuildFile; fileRef = 8E6BBDC82B53CF0E00317EDA /* UserService.swift */; };
		8E6BBDCC2B53D08000317EDA /* UserObject.swift in Sources */ = {isa = PBXBuildFile; fileRef = 8E6BBDCB2B53D08000317EDA /* UserObject.swift */; };
		8E6BBDCE2B53D0D600317EDA /* DBError.swift in Sources */ = {isa = PBXBuildFile; fileRef = 8E6BBDCD2B53D0D600317EDA /* DBError.swift */; };
		8E6BBDD02B53D33800317EDA /* Constant.swift in Sources */ = {isa = PBXBuildFile; fileRef = 8E6BBDCF2B53D33800317EDA /* Constant.swift */; };
		8EA7802E2B51523D00ADE621 /* LaunchScreen.storyboard in Resources */ = {isa = PBXBuildFile; fileRef = 8EA7802D2B51523D00ADE621 /* LaunchScreen.storyboard */; };
		8ED0B9492B5511DF00DDA888 /* Phase.swift in Sources */ = {isa = PBXBuildFile; fileRef = 8ED0B9482B5511DF00DDA888 /* Phase.swift */; };
		8ED0B94B2B55133900DDA888 /* PlaceholderView.swift in Sources */ = {isa = PBXBuildFile; fileRef = 8ED0B94A2B55133900DDA888 /* PlaceholderView.swift */; };
		8ED0B94D2B5513BA00DDA888 /* LoadingView.swift in Sources */ = {isa = PBXBuildFile; fileRef = 8ED0B94C2B5513BA00DDA888 /* LoadingView.swift */; };
		8ED0B94F2B55144100DDA888 /* ErrorView.swift in Sources */ = {isa = PBXBuildFile; fileRef = 8ED0B94E2B55144100DDA888 /* ErrorView.swift */; };
		8ED0B9512B5515F200DDA888 /* HomeModalDestination.swift in Sources */ = {isa = PBXBuildFile; fileRef = 8ED0B9502B5515F200DDA888 /* HomeModalDestination.swift */; };
		8ED0B9542B5516A900DDA888 /* MyProfileView.swift in Sources */ = {isa = PBXBuildFile; fileRef = 8ED0B9532B5516A900DDA888 /* MyProfileView.swift */; };
		8ED0B9562B5516B900DDA888 /* OtherProfileView.swift in Sources */ = {isa = PBXBuildFile; fileRef = 8ED0B9552B5516B900DDA888 /* OtherProfileView.swift */; };
		8ED0B9582B551E6500DDA888 /* ContactService.swift in Sources */ = {isa = PBXBuildFile; fileRef = 8ED0B9572B551E6500DDA888 /* ContactService.swift */; };
		8ED0B95A2B556BB200DDA888 /* MyprofileViewModel.swift in Sources */ = {isa = PBXBuildFile; fileRef = 8ED0B9592B556BB200DDA888 /* MyprofileViewModel.swift */; };
		8ED0B95C2B556F8200DDA888 /* MyProfileMenuType.swift in Sources */ = {isa = PBXBuildFile; fileRef = 8ED0B95B2B556F8200DDA888 /* MyProfileMenuType.swift */; };
		8EDA8CF72B51165500705C9F /* LineCloneApp.swift in Sources */ = {isa = PBXBuildFile; fileRef = 8EDA8CF62B51165500705C9F /* LineCloneApp.swift */; };
		8EDA8CF92B51165500705C9F /* AuthenticatedView.swift in Sources */ = {isa = PBXBuildFile; fileRef = 8EDA8CF82B51165500705C9F /* AuthenticatedView.swift */; };
		8EDA8CFB2B51165700705C9F /* Assets.xcassets in Resources */ = {isa = PBXBuildFile; fileRef = 8EDA8CFA2B51165700705C9F /* Assets.xcassets */; };
		8EDA8CFE2B51165700705C9F /* Preview Assets.xcassets in Resources */ = {isa = PBXBuildFile; fileRef = 8EDA8CFD2B51165700705C9F /* Preview Assets.xcassets */; };
		8EDA8D082B51165800705C9F /* LineCloneTests.swift in Sources */ = {isa = PBXBuildFile; fileRef = 8EDA8D072B51165800705C9F /* LineCloneTests.swift */; };
		8EDA8D122B51165800705C9F /* LineCloneUITests.swift in Sources */ = {isa = PBXBuildFile; fileRef = 8EDA8D112B51165800705C9F /* LineCloneUITests.swift */; };
		8EDA8D142B51165800705C9F /* LineCloneUITestsLaunchTests.swift in Sources */ = {isa = PBXBuildFile; fileRef = 8EDA8D132B51165800705C9F /* LineCloneUITestsLaunchTests.swift */; };
		8EDA8D212B51487700705C9F /* Color+Extension.swift in Sources */ = {isa = PBXBuildFile; fileRef = 8EDA8D202B51487700705C9F /* Color+Extension.swift */; };
		8EDA8D232B514D9600705C9F /* Colors.xcassets in Resources */ = {isa = PBXBuildFile; fileRef = 8EDA8D222B514D9600705C9F /* Colors.xcassets */; };
/* End PBXBuildFile section */

/* Begin PBXContainerItemProxy section */
		8EDA8D042B51165800705C9F /* PBXContainerItemProxy */ = {
			isa = PBXContainerItemProxy;
			containerPortal = 8EDA8CEB2B51165500705C9F /* Project object */;
			proxyType = 1;
			remoteGlobalIDString = 8EDA8CF22B51165500705C9F;
			remoteInfo = LineClone;
		};
		8EDA8D0E2B51165800705C9F /* PBXContainerItemProxy */ = {
			isa = PBXContainerItemProxy;
			containerPortal = 8EDA8CEB2B51165500705C9F /* Project object */;
			proxyType = 1;
			remoteGlobalIDString = 8EDA8CF22B51165500705C9F;
			remoteInfo = LineClone;
		};
/* End PBXContainerItemProxy section */

/* Begin PBXFileReference section */
		8E15C7342B565AA1001468C7 /* MyProfileDescEditView.swift */ = {isa = PBXFileReference; lastKnownFileType = sourcecode.swift; path = MyProfileDescEditView.swift; sourceTree = "<group>"; };
		8E15C7362B567063001468C7 /* PhotoPickerService.swift */ = {isa = PBXFileReference; lastKnownFileType = sourcecode.swift; path = PhotoPickerService.swift; sourceTree = "<group>"; };
		8E15C7392B56727D001468C7 /* PhotoImage.swift */ = {isa = PBXFileReference; lastKnownFileType = sourcecode.swift; path = PhotoImage.swift; sourceTree = "<group>"; };
		8E15C7402B5795A2001468C7 /* UploadProvider.swift */ = {isa = PBXFileReference; lastKnownFileType = sourcecode.swift; path = UploadProvider.swift; sourceTree = "<group>"; };
		8E15C7422B579688001468C7 /* UploadService.swift */ = {isa = PBXFileReference; lastKnownFileType = sourcecode.swift; path = UploadService.swift; sourceTree = "<group>"; };
		8E15C7452B579767001468C7 /* UploadSourceType.swift */ = {isa = PBXFileReference; lastKnownFileType = sourcecode.swift; path = UploadSourceType.swift; sourceTree = "<group>"; };
		8E15C7472B579EA8001468C7 /* ImageCacheService.swift */ = {isa = PBXFileReference; lastKnownFileType = sourcecode.swift; path = ImageCacheService.swift; sourceTree = "<group>"; };
		8E15C74A2B57A0AC001468C7 /* MemoryStorage.swift */ = {isa = PBXFileReference; lastKnownFileType = sourcecode.swift; path = MemoryStorage.swift; sourceTree = "<group>"; };
		8E15C74C2B57A17E001468C7 /* DiskStorage.swift */ = {isa = PBXFileReference; lastKnownFileType = sourcecode.swift; path = DiskStorage.swift; sourceTree = "<group>"; };
		8E15C74E2B57AA80001468C7 /* URLImageView.swift */ = {isa = PBXFileReference; lastKnownFileType = sourcecode.swift; path = URLImageView.swift; sourceTree = "<group>"; };
		8E15C7512B57AAA4001468C7 /* URLImageViewModel.swift */ = {isa = PBXFileReference; lastKnownFileType = sourcecode.swift; path = URLImageViewModel.swift; sourceTree = "<group>"; };
		8E15C7552B57BD7D001468C7 /* OtherProfileViewModel.swift */ = {isa = PBXFileReference; lastKnownFileType = sourcecode.swift; path = OtherProfileViewModel.swift; sourceTree = "<group>"; };
		8E15C7572B57BDF9001468C7 /* OtherProfileMenuType.swift */ = {isa = PBXFileReference; lastKnownFileType = sourcecode.swift; path = OtherProfileMenuType.swift; sourceTree = "<group>"; };
		8E15C7592B57C1ED001468C7 /* ChatRoomDBRepository.swift */ = {isa = PBXFileReference; lastKnownFileType = sourcecode.swift; path = ChatRoomDBRepository.swift; sourceTree = "<group>"; };
		8E15C75B2B57C26C001468C7 /* ChatRoomObject.swift */ = {isa = PBXFileReference; lastKnownFileType = sourcecode.swift; path = ChatRoomObject.swift; sourceTree = "<group>"; };
		8E15C75D2B57C807001468C7 /* ChatRoomService.swift */ = {isa = PBXFileReference; lastKnownFileType = sourcecode.swift; path = ChatRoomService.swift; sourceTree = "<group>"; };
		8E15C75F2B57CB76001468C7 /* ChatRoom.swift */ = {isa = PBXFileReference; lastKnownFileType = sourcecode.swift; path = ChatRoom.swift; sourceTree = "<group>"; };
		8E15C7622B57D9F9001468C7 /* NavigationDestination.swift */ = {isa = PBXFileReference; lastKnownFileType = sourcecode.swift; path = NavigationDestination.swift; sourceTree = "<group>"; };
		8E15C7642B57DA37001468C7 /* NavigationRouter.swift */ = {isa = PBXFileReference; lastKnownFileType = sourcecode.swift; path = NavigationRouter.swift; sourceTree = "<group>"; };
		8E15C7672B57DD6E001468C7 /* ChatView.swift */ = {isa = PBXFileReference; lastKnownFileType = sourcecode.swift; path = ChatView.swift; sourceTree = "<group>"; };
		8E15C76A2B57DDA0001468C7 /* SearchView.swift */ = {isa = PBXFileReference; lastKnownFileType = sourcecode.swift; path = SearchView.swift; sourceTree = "<group>"; };
		8E15C76C2B5A4E3E001468C7 /* ChatListViewModel.swift */ = {isa = PBXFileReference; lastKnownFileType = sourcecode.swift; path = ChatListViewModel.swift; sourceTree = "<group>"; };
		8E15C76E2B5A5044001468C7 /* SearchButton.swift */ = {isa = PBXFileReference; lastKnownFileType = sourcecode.swift; path = SearchButton.swift; sourceTree = "<group>"; };
		8E15C7702B5A5C1E001468C7 /* NavigationRoutingView.swift */ = {isa = PBXFileReference; lastKnownFileType = sourcecode.swift; path = NavigationRoutingView.swift; sourceTree = "<group>"; };
		8E15C7852B5B99BA001468C7 /* ChatViewModel.swift */ = {isa = PBXFileReference; lastKnownFileType = sourcecode.swift; path = ChatViewModel.swift; sourceTree = "<group>"; };
		8E15C7872B5B9FEC001468C7 /* Chat.swift */ = {isa = PBXFileReference; lastKnownFileType = sourcecode.swift; path = Chat.swift; sourceTree = "<group>"; };
		8E15C7892B5BA091001468C7 /* ChatData.swift */ = {isa = PBXFileReference; lastKnownFileType = sourcecode.swift; path = ChatData.swift; sourceTree = "<group>"; };
		8E15C78B2B5BA122001468C7 /* Date+Extension.swift */ = {isa = PBXFileReference; lastKnownFileType = sourcecode.swift; path = "Date+Extension.swift"; sourceTree = "<group>"; };
		8E15C78D2B5BA5FF001468C7 /* ChatItemView.swift */ = {isa = PBXFileReference; lastKnownFileType = sourcecode.swift; path = ChatItemView.swift; sourceTree = "<group>"; };
		8E15C78F2B5BA616001468C7 /* ChatItemDirection.swift */ = {isa = PBXFileReference; lastKnownFileType = sourcecode.swift; path = ChatItemDirection.swift; sourceTree = "<group>"; };
		8E15C7912B5BAE37001468C7 /* KeyboardToolbar.swift */ = {isa = PBXFileReference; lastKnownFileType = sourcecode.swift; path = KeyboardToolbar.swift; sourceTree = "<group>"; };
		8E15C7982B5D46E3001468C7 /* ChatDBRepository.swift */ = {isa = PBXFileReference; lastKnownFileType = sourcecode.swift; path = ChatDBRepository.swift; sourceTree = "<group>"; };
		8E15C79A2B5D491B001468C7 /* ChatObject.swift */ = {isa = PBXFileReference; lastKnownFileType = sourcecode.swift; path = ChatObject.swift; sourceTree = "<group>"; };
		8E15C79C2B5D4A60001468C7 /* ChatService.swift */ = {isa = PBXFileReference; lastKnownFileType = sourcecode.swift; path = ChatService.swift; sourceTree = "<group>"; };
		8E15C79E2B5D5C4D001468C7 /* DBReference.swift */ = {isa = PBXFileReference; lastKnownFileType = sourcecode.swift; path = DBReference.swift; sourceTree = "<group>"; };
		8E4BB4882B5154750039FBB7 /* DIContainer.swift */ = {isa = PBXFileReference; lastKnownFileType = sourcecode.swift; path = DIContainer.swift; sourceTree = "<group>"; };
		8E4BB48B2B5154AA0039FBB7 /* Services.swift */ = {isa = PBXFileReference; lastKnownFileType = sourcecode.swift; path = Services.swift; sourceTree = "<group>"; };
		8E4BB48E2B5155940039FBB7 /* AuthenticationViewModel.swift */ = {isa = PBXFileReference; lastKnownFileType = sourcecode.swift; path = AuthenticationViewModel.swift; sourceTree = "<group>"; };
		8E4BB4962B5159A30039FBB7 /* AppDelegate.swift */ = {isa = PBXFileReference; lastKnownFileType = sourcecode.swift; path = AppDelegate.swift; sourceTree = "<group>"; };
		8E4BB4982B515F810039FBB7 /* GoogleService-Info.plist */ = {isa = PBXFileReference; fileEncoding = 4; lastKnownFileType = text.plist.xml; path = "GoogleService-Info.plist"; sourceTree = "<group>"; };
		8E4BB49A2B5160460039FBB7 /* AuthenticationService.swift */ = {isa = PBXFileReference; lastKnownFileType = sourcecode.swift; path = AuthenticationService.swift; sourceTree = "<group>"; };
		8E4BB4A02B5163500039FBB7 /* LoginIntroView.swift */ = {isa = PBXFileReference; lastKnownFileType = sourcecode.swift; path = LoginIntroView.swift; sourceTree = "<group>"; };
		8E4BB4A22B5163740039FBB7 /* MainTabView.swift */ = {isa = PBXFileReference; lastKnownFileType = sourcecode.swift; path = MainTabView.swift; sourceTree = "<group>"; };
		8E4BB4A42B52522D0039FBB7 /* LoginView.swift */ = {isa = PBXFileReference; lastKnownFileType = sourcecode.swift; path = LoginView.swift; sourceTree = "<group>"; };
		8E4BB4A62B5253CC0039FBB7 /* LoginButtonStyle.swift */ = {isa = PBXFileReference; lastKnownFileType = sourcecode.swift; path = LoginButtonStyle.swift; sourceTree = "<group>"; };
		8E4BB4AE2B525E1E0039FBB7 /* User.swift */ = {isa = PBXFileReference; lastKnownFileType = sourcecode.swift; path = User.swift; sourceTree = "<group>"; };
		8E4BB4B02B525E7F0039FBB7 /* ServiceError.swift */ = {isa = PBXFileReference; lastKnownFileType = sourcecode.swift; path = ServiceError.swift; sourceTree = "<group>"; };
		8E6BBDB42B53B8A900317EDA /* MainTabType.swift */ = {isa = PBXFileReference; lastKnownFileType = sourcecode.swift; path = MainTabType.swift; sourceTree = "<group>"; };
		8E6BBDBD2B53BA5E00317EDA /* HomeView.swift */ = {isa = PBXFileReference; lastKnownFileType = sourcecode.swift; path = HomeView.swift; sourceTree = "<group>"; };
		8E6BBDBF2B53BA6600317EDA /* ChatListView.swift */ = {isa = PBXFileReference; lastKnownFileType = sourcecode.swift; path = ChatListView.swift; sourceTree = "<group>"; };
		8E6BBDC12B53BD9700317EDA /* HomeViewModel.swift */ = {isa = PBXFileReference; lastKnownFileType = sourcecode.swift; path = HomeViewModel.swift; sourceTree = "<group>"; };
		8E6BBDC62B53CE8B00317EDA /* UserDBRepository.swift */ = {isa = PBXFileReference; lastKnownFileType = sourcecode.swift; path = UserDBRepository.swift; sourceTree = "<group>"; };
		8E6BBDC82B53CF0E00317EDA /* UserService.swift */ = {isa = PBXFileReference; lastKnownFileType = sourcecode.swift; path = UserService.swift; sourceTree = "<group>"; };
		8E6BBDCB2B53D08000317EDA /* UserObject.swift */ = {isa = PBXFileReference; lastKnownFileType = sourcecode.swift; path = UserObject.swift; sourceTree = "<group>"; };
		8E6BBDCD2B53D0D600317EDA /* DBError.swift */ = {isa = PBXFileReference; lastKnownFileType = sourcecode.swift; path = DBError.swift; sourceTree = "<group>"; };
		8E6BBDCF2B53D33800317EDA /* Constant.swift */ = {isa = PBXFileReference; lastKnownFileType = sourcecode.swift; path = Constant.swift; sourceTree = "<group>"; };
		8EA7802D2B51523D00ADE621 /* LaunchScreen.storyboard */ = {isa = PBXFileReference; lastKnownFileType = file.storyboard; path = LaunchScreen.storyboard; sourceTree = "<group>"; };
		8EA7802F2B5152B200ADE621 /* Info.plist */ = {isa = PBXFileReference; lastKnownFileType = text.plist; path = Info.plist; sourceTree = "<group>"; };
		8ED0B9482B5511DF00DDA888 /* Phase.swift */ = {isa = PBXFileReference; lastKnownFileType = sourcecode.swift; path = Phase.swift; sourceTree = "<group>"; };
		8ED0B94A2B55133900DDA888 /* PlaceholderView.swift */ = {isa = PBXFileReference; lastKnownFileType = sourcecode.swift; path = PlaceholderView.swift; sourceTree = "<group>"; };
		8ED0B94C2B5513BA00DDA888 /* LoadingView.swift */ = {isa = PBXFileReference; lastKnownFileType = sourcecode.swift; path = LoadingView.swift; sourceTree = "<group>"; };
		8ED0B94E2B55144100DDA888 /* ErrorView.swift */ = {isa = PBXFileReference; lastKnownFileType = sourcecode.swift; path = ErrorView.swift; sourceTree = "<group>"; };
		8ED0B9502B5515F200DDA888 /* HomeModalDestination.swift */ = {isa = PBXFileReference; lastKnownFileType = sourcecode.swift; path = HomeModalDestination.swift; sourceTree = "<group>"; };
		8ED0B9532B5516A900DDA888 /* MyProfileView.swift */ = {isa = PBXFileReference; lastKnownFileType = sourcecode.swift; path = MyProfileView.swift; sourceTree = "<group>"; };
		8ED0B9552B5516B900DDA888 /* OtherProfileView.swift */ = {isa = PBXFileReference; lastKnownFileType = sourcecode.swift; path = OtherProfileView.swift; sourceTree = "<group>"; };
		8ED0B9572B551E6500DDA888 /* ContactService.swift */ = {isa = PBXFileReference; lastKnownFileType = sourcecode.swift; path = ContactService.swift; sourceTree = "<group>"; };
		8ED0B9592B556BB200DDA888 /* MyprofileViewModel.swift */ = {isa = PBXFileReference; lastKnownFileType = sourcecode.swift; path = MyprofileViewModel.swift; sourceTree = "<group>"; };
		8ED0B95B2B556F8200DDA888 /* MyProfileMenuType.swift */ = {isa = PBXFileReference; lastKnownFileType = sourcecode.swift; path = MyProfileMenuType.swift; sourceTree = "<group>"; };
		8EDA8CF32B51165500705C9F /* LineClone.app */ = {isa = PBXFileReference; explicitFileType = wrapper.application; includeInIndex = 0; path = LineClone.app; sourceTree = BUILT_PRODUCTS_DIR; };
		8EDA8CF62B51165500705C9F /* LineCloneApp.swift */ = {isa = PBXFileReference; lastKnownFileType = sourcecode.swift; path = LineCloneApp.swift; sourceTree = "<group>"; };
		8EDA8CF82B51165500705C9F /* AuthenticatedView.swift */ = {isa = PBXFileReference; lastKnownFileType = sourcecode.swift; path = AuthenticatedView.swift; sourceTree = "<group>"; };
		8EDA8CFA2B51165700705C9F /* Assets.xcassets */ = {isa = PBXFileReference; lastKnownFileType = folder.assetcatalog; path = Assets.xcassets; sourceTree = "<group>"; };
		8EDA8CFD2B51165700705C9F /* Preview Assets.xcassets */ = {isa = PBXFileReference; lastKnownFileType = folder.assetcatalog; path = "Preview Assets.xcassets"; sourceTree = "<group>"; };
		8EDA8D032B51165800705C9F /* LineCloneTests.xctest */ = {isa = PBXFileReference; explicitFileType = wrapper.cfbundle; includeInIndex = 0; path = LineCloneTests.xctest; sourceTree = BUILT_PRODUCTS_DIR; };
		8EDA8D072B51165800705C9F /* LineCloneTests.swift */ = {isa = PBXFileReference; lastKnownFileType = sourcecode.swift; path = LineCloneTests.swift; sourceTree = "<group>"; };
		8EDA8D0D2B51165800705C9F /* LineCloneUITests.xctest */ = {isa = PBXFileReference; explicitFileType = wrapper.cfbundle; includeInIndex = 0; path = LineCloneUITests.xctest; sourceTree = BUILT_PRODUCTS_DIR; };
		8EDA8D112B51165800705C9F /* LineCloneUITests.swift */ = {isa = PBXFileReference; lastKnownFileType = sourcecode.swift; path = LineCloneUITests.swift; sourceTree = "<group>"; };
		8EDA8D132B51165800705C9F /* LineCloneUITestsLaunchTests.swift */ = {isa = PBXFileReference; lastKnownFileType = sourcecode.swift; path = LineCloneUITestsLaunchTests.swift; sourceTree = "<group>"; };
		8EDA8D202B51487700705C9F /* Color+Extension.swift */ = {isa = PBXFileReference; lastKnownFileType = sourcecode.swift; path = "Color+Extension.swift"; sourceTree = "<group>"; };
		8EDA8D222B514D9600705C9F /* Colors.xcassets */ = {isa = PBXFileReference; lastKnownFileType = folder.assetcatalog; path = Colors.xcassets; sourceTree = "<group>"; };
/* End PBXFileReference section */

/* Begin PBXFrameworksBuildPhase section */
		8EDA8CF02B51165500705C9F /* Frameworks */ = {
			isa = PBXFrameworksBuildPhase;
			buildActionMask = 2147483647;
			files = (
				8E4BB4AC2B525D2A0039FBB7 /* GoogleSignInSwift in Frameworks */,
				8E4BB4952B51595A0039FBB7 /* FirebaseAuth in Frameworks */,
				8E6BBDC42B53CB4F00317EDA /* FirebaseDatabase in Frameworks */,
				8E15C73C2B579552001468C7 /* FirebaseStorage in Frameworks */,
				8E15C73E2B579552001468C7 /* FirebaseStorageCombine-Community in Frameworks */,
				8E4BB4AA2B525D240039FBB7 /* GoogleSignIn in Frameworks */,
			);
			runOnlyForDeploymentPostprocessing = 0;
		};
		8EDA8D002B51165800705C9F /* Frameworks */ = {
			isa = PBXFrameworksBuildPhase;
			buildActionMask = 2147483647;
			files = (
			);
			runOnlyForDeploymentPostprocessing = 0;
		};
		8EDA8D0A2B51165800705C9F /* Frameworks */ = {
			isa = PBXFrameworksBuildPhase;
			buildActionMask = 2147483647;
			files = (
			);
			runOnlyForDeploymentPostprocessing = 0;
		};
/* End PBXFrameworksBuildPhase section */

/* Begin PBXGroup section */
		8E15C7382B567262001468C7 /* PhotoPicker */ = {
			isa = PBXGroup;
			children = (
				8E15C7362B567063001468C7 /* PhotoPickerService.swift */,
				8E15C7392B56727D001468C7 /* PhotoImage.swift */,
			);
			path = PhotoPicker;
			sourceTree = "<group>";
		};
		8E15C73F2B57958F001468C7 /* Provider */ = {
			isa = PBXGroup;
			children = (
				8E15C7402B5795A2001468C7 /* UploadProvider.swift */,
			);
			path = Provider;
			sourceTree = "<group>";
		};
		8E15C7442B579751001468C7 /* Upload */ = {
			isa = PBXGroup;
			children = (
				8E15C7452B579767001468C7 /* UploadSourceType.swift */,
				8E15C7422B579688001468C7 /* UploadService.swift */,
			);
			path = Upload;
			sourceTree = "<group>";
		};
		8E15C7492B57A088001468C7 /* ImageChche */ = {
			isa = PBXGroup;
			children = (
				8E15C7472B579EA8001468C7 /* ImageCacheService.swift */,
				8E15C74A2B57A0AC001468C7 /* MemoryStorage.swift */,
				8E15C74C2B57A17E001468C7 /* DiskStorage.swift */,
			);
			path = ImageChche;
			sourceTree = "<group>";
		};
		8E15C7502B57AA8F001468C7 /* URLImage */ = {
			isa = PBXGroup;
			children = (
				8E15C74E2B57AA80001468C7 /* URLImageView.swift */,
				8E15C7512B57AAA4001468C7 /* URLImageViewModel.swift */,
			);
			path = URLImage;
			sourceTree = "<group>";
		};
		8E15C7532B57BD40001468C7 /* OtherProfile */ = {
			isa = PBXGroup;
			children = (
				8ED0B9552B5516B900DDA888 /* OtherProfileView.swift */,
				8E15C7552B57BD7D001468C7 /* OtherProfileViewModel.swift */,
				8E15C7572B57BDF9001468C7 /* OtherProfileMenuType.swift */,
			);
			path = OtherProfile;
			sourceTree = "<group>";
		};
		8E15C7542B57BD4E001468C7 /* MyProfile */ = {
			isa = PBXGroup;
			children = (
				8ED0B9532B5516A900DDA888 /* MyProfileView.swift */,
				8ED0B9592B556BB200DDA888 /* MyprofileViewModel.swift */,
				8ED0B95B2B556F8200DDA888 /* MyProfileMenuType.swift */,
				8E15C7342B565AA1001468C7 /* MyProfileDescEditView.swift */,
			);
			path = MyProfile;
			sourceTree = "<group>";
		};
		8E15C7612B57D9DA001468C7 /* NavigationDestination */ = {
			isa = PBXGroup;
			children = (
				8E15C7622B57D9F9001468C7 /* NavigationDestination.swift */,
				8E15C7642B57DA37001468C7 /* NavigationRouter.swift */,
				8E15C7702B5A5C1E001468C7 /* NavigationRoutingView.swift */,
			);
			path = NavigationDestination;
			sourceTree = "<group>";
		};
		8E15C7662B57DD60001468C7 /* Chat */ = {
			isa = PBXGroup;
			children = (
				8E15C7672B57DD6E001468C7 /* ChatView.swift */,
				8E15C7852B5B99BA001468C7 /* ChatViewModel.swift */,
				8E15C78D2B5BA5FF001468C7 /* ChatItemView.swift */,
				8E15C78F2B5BA616001468C7 /* ChatItemDirection.swift */,
				8E15C7912B5BAE37001468C7 /* KeyboardToolbar.swift */,
			);
			path = Chat;
			sourceTree = "<group>";
		};
		8E15C7692B57DD7F001468C7 /* Search */ = {
			isa = PBXGroup;
			children = (
				8E15C76A2B57DDA0001468C7 /* SearchView.swift */,
			);
			path = Search;
			sourceTree = "<group>";
		};
		8E4BB4872B51545B0039FBB7 /* General */ = {
			isa = PBXGroup;
			children = (
				8E15C7502B57AA8F001468C7 /* URLImage */,
				8E4BB4882B5154750039FBB7 /* DIContainer.swift */,
				8E6BBDCF2B53D33800317EDA /* Constant.swift */,
				8ED0B9482B5511DF00DDA888 /* Phase.swift */,
				8ED0B94A2B55133900DDA888 /* PlaceholderView.swift */,
				8ED0B94C2B5513BA00DDA888 /* LoadingView.swift */,
				8ED0B94E2B55144100DDA888 /* ErrorView.swift */,
			);
			path = General;
			sourceTree = "<group>";
		};
		8E4BB48A2B51549D0039FBB7 /* Service */ = {
			isa = PBXGroup;
			children = (
				8E15C7492B57A088001468C7 /* ImageChche */,
				8E15C7442B579751001468C7 /* Upload */,
				8E15C7382B567262001468C7 /* PhotoPicker */,
				8E4BB48B2B5154AA0039FBB7 /* Services.swift */,
				8E4BB49A2B5160460039FBB7 /* AuthenticationService.swift */,
				8E4BB4B02B525E7F0039FBB7 /* ServiceError.swift */,
				8E6BBDC82B53CF0E00317EDA /* UserService.swift */,
				8ED0B9572B551E6500DDA888 /* ContactService.swift */,
				8E15C75D2B57C807001468C7 /* ChatRoomService.swift */,
				8E15C79C2B5D4A60001468C7 /* ChatService.swift */,
			);
			path = Service;
			sourceTree = "<group>";
		};
		8E4BB48D2B51557D0039FBB7 /* View */ = {
			isa = PBXGroup;
			children = (
				8E15C7692B57DD7F001468C7 /* Search */,
				8E15C7662B57DD60001468C7 /* Chat */,
				8E15C7612B57D9DA001468C7 /* NavigationDestination */,
				8ED0B9522B55169600DDA888 /* Profile */,
				8E6BBDB72B53B9F500317EDA /* ChatList */,
				8E6BBDB62B53B9F200317EDA /* Home */,
				8E4BB49F2B5163260039FBB7 /* MainTab */,
				8E4BB49E2B5163190039FBB7 /* Login */,
				8EDA8CF82B51165500705C9F /* AuthenticatedView.swift */,
				8E4BB48E2B5155940039FBB7 /* AuthenticationViewModel.swift */,
				8E15C76E2B5A5044001468C7 /* SearchButton.swift */,
			);
			path = View;
			sourceTree = "<group>";
		};
		8E4BB4932B51595A0039FBB7 /* Frameworks */ = {
			isa = PBXGroup;
			children = (
				8E4BB4982B515F810039FBB7 /* GoogleService-Info.plist */,
			);
			name = Frameworks;
			sourceTree = "<group>";
		};
		8E4BB49E2B5163190039FBB7 /* Login */ = {
			isa = PBXGroup;
			children = (
				8E4BB4A02B5163500039FBB7 /* LoginIntroView.swift */,
				8E4BB4A42B52522D0039FBB7 /* LoginView.swift */,
				8E4BB4A62B5253CC0039FBB7 /* LoginButtonStyle.swift */,
			);
			path = Login;
			sourceTree = "<group>";
		};
		8E4BB49F2B5163260039FBB7 /* MainTab */ = {
			isa = PBXGroup;
			children = (
				8E4BB4A22B5163740039FBB7 /* MainTabView.swift */,
				8E6BBDB42B53B8A900317EDA /* MainTabType.swift */,
			);
			path = MainTab;
			sourceTree = "<group>";
		};
		8E4BB4AD2B525E150039FBB7 /* Model */ = {
			isa = PBXGroup;
			children = (
				8E4BB4AE2B525E1E0039FBB7 /* User.swift */,
				8E15C75F2B57CB76001468C7 /* ChatRoom.swift */,
				8E15C7872B5B9FEC001468C7 /* Chat.swift */,
				8E15C7892B5BA091001468C7 /* ChatData.swift */,
			);
			path = Model;
			sourceTree = "<group>";
		};
		8E6BBDB62B53B9F200317EDA /* Home */ = {
			isa = PBXGroup;
			children = (
				8E6BBDBD2B53BA5E00317EDA /* HomeView.swift */,
				8E6BBDC12B53BD9700317EDA /* HomeViewModel.swift */,
				8ED0B9502B5515F200DDA888 /* HomeModalDestination.swift */,
			);
			path = Home;
			sourceTree = "<group>";
		};
		8E6BBDB72B53B9F500317EDA /* ChatList */ = {
			isa = PBXGroup;
			children = (
				8E6BBDBF2B53BA6600317EDA /* ChatListView.swift */,
				8E15C76C2B5A4E3E001468C7 /* ChatListViewModel.swift */,
			);
			path = ChatList;
			sourceTree = "<group>";
		};
		8E6BBDC52B53CE7600317EDA /* Repository */ = {
			isa = PBXGroup;
			children = (
				8E6BBDCA2B53D06B00317EDA /* DTO */,
				8E6BBDC62B53CE8B00317EDA /* UserDBRepository.swift */,
				8E6BBDCD2B53D0D600317EDA /* DBError.swift */,
				8E15C7592B57C1ED001468C7 /* ChatRoomDBRepository.swift */,
				8E15C7982B5D46E3001468C7 /* ChatDBRepository.swift */,
				8E15C79E2B5D5C4D001468C7 /* DBReference.swift */,
			);
			path = Repository;
			sourceTree = "<group>";
		};
		8E6BBDCA2B53D06B00317EDA /* DTO */ = {
			isa = PBXGroup;
			children = (
				8E6BBDCB2B53D08000317EDA /* UserObject.swift */,
				8E15C75B2B57C26C001468C7 /* ChatRoomObject.swift */,
				8E15C79A2B5D491B001468C7 /* ChatObject.swift */,
			);
			path = DTO;
			sourceTree = "<group>";
		};
		8ED0B9522B55169600DDA888 /* Profile */ = {
			isa = PBXGroup;
			children = (
				8E15C7542B57BD4E001468C7 /* MyProfile */,
				8E15C7532B57BD40001468C7 /* OtherProfile */,
			);
			path = Profile;
			sourceTree = "<group>";
		};
		8EDA8CEA2B51165500705C9F = {
			isa = PBXGroup;
			children = (
				8EDA8CF52B51165500705C9F /* LineClone */,
				8EDA8D062B51165800705C9F /* LineCloneTests */,
				8EDA8D102B51165800705C9F /* LineCloneUITests */,
				8EDA8CF42B51165500705C9F /* Products */,
				8E4BB4932B51595A0039FBB7 /* Frameworks */,
			);
			sourceTree = "<group>";
		};
		8EDA8CF42B51165500705C9F /* Products */ = {
			isa = PBXGroup;
			children = (
				8EDA8CF32B51165500705C9F /* LineClone.app */,
				8EDA8D032B51165800705C9F /* LineCloneTests.xctest */,
				8EDA8D0D2B51165800705C9F /* LineCloneUITests.xctest */,
			);
			name = Products;
			sourceTree = "<group>";
		};
		8EDA8CF52B51165500705C9F /* LineClone */ = {
			isa = PBXGroup;
			children = (
				8E15C73F2B57958F001468C7 /* Provider */,
				8E6BBDC52B53CE7600317EDA /* Repository */,
				8E4BB4AD2B525E150039FBB7 /* Model */,
				8EDA8CF62B51165500705C9F /* LineCloneApp.swift */,
				8E4BB4962B5159A30039FBB7 /* AppDelegate.swift */,
				8E4BB48D2B51557D0039FBB7 /* View */,
				8E4BB48A2B51549D0039FBB7 /* Service */,
				8E4BB4872B51545B0039FBB7 /* General */,
				8EA7802F2B5152B200ADE621 /* Info.plist */,
				8EDA8D202B51487700705C9F /* Color+Extension.swift */,
				8E15C78B2B5BA122001468C7 /* Date+Extension.swift */,
				8EDA8CFC2B51165700705C9F /* Preview Content */,
				8EDA8CFA2B51165700705C9F /* Assets.xcassets */,
				8EDA8D222B514D9600705C9F /* Colors.xcassets */,
				8EA7802D2B51523D00ADE621 /* LaunchScreen.storyboard */,
			);
			path = LineClone;
			sourceTree = "<group>";
		};
		8EDA8CFC2B51165700705C9F /* Preview Content */ = {
			isa = PBXGroup;
			children = (
				8EDA8CFD2B51165700705C9F /* Preview Assets.xcassets */,
			);
			path = "Preview Content";
			sourceTree = "<group>";
		};
		8EDA8D062B51165800705C9F /* LineCloneTests */ = {
			isa = PBXGroup;
			children = (
				8EDA8D072B51165800705C9F /* LineCloneTests.swift */,
			);
			path = LineCloneTests;
			sourceTree = "<group>";
		};
		8EDA8D102B51165800705C9F /* LineCloneUITests */ = {
			isa = PBXGroup;
			children = (
				8EDA8D112B51165800705C9F /* LineCloneUITests.swift */,
				8EDA8D132B51165800705C9F /* LineCloneUITestsLaunchTests.swift */,
			);
			path = LineCloneUITests;
			sourceTree = "<group>";
		};
/* End PBXGroup section */

/* Begin PBXNativeTarget section */
		8EDA8CF22B51165500705C9F /* LineClone */ = {
			isa = PBXNativeTarget;
			buildConfigurationList = 8EDA8D172B51165800705C9F /* Build configuration list for PBXNativeTarget "LineClone" */;
			buildPhases = (
				8EDA8CEF2B51165500705C9F /* Sources */,
				8EDA8CF02B51165500705C9F /* Frameworks */,
				8EDA8CF12B51165500705C9F /* Resources */,
			);
			buildRules = (
			);
			dependencies = (
			);
			name = LineClone;
			packageProductDependencies = (
				8E4BB4942B51595A0039FBB7 /* FirebaseAuth */,
				8E4BB4A92B525D240039FBB7 /* GoogleSignIn */,
				8E4BB4AB2B525D2A0039FBB7 /* GoogleSignInSwift */,
				8E6BBDC32B53CB4F00317EDA /* FirebaseDatabase */,
				8E15C73B2B579552001468C7 /* FirebaseStorage */,
				8E15C73D2B579552001468C7 /* FirebaseStorageCombine-Community */,
			);
			productName = LineClone;
			productReference = 8EDA8CF32B51165500705C9F /* LineClone.app */;
			productType = "com.apple.product-type.application";
		};
		8EDA8D022B51165800705C9F /* LineCloneTests */ = {
			isa = PBXNativeTarget;
			buildConfigurationList = 8EDA8D1A2B51165800705C9F /* Build configuration list for PBXNativeTarget "LineCloneTests" */;
			buildPhases = (
				8EDA8CFF2B51165800705C9F /* Sources */,
				8EDA8D002B51165800705C9F /* Frameworks */,
				8EDA8D012B51165800705C9F /* Resources */,
			);
			buildRules = (
			);
			dependencies = (
				8EDA8D052B51165800705C9F /* PBXTargetDependency */,
			);
			name = LineCloneTests;
			productName = LineCloneTests;
			productReference = 8EDA8D032B51165800705C9F /* LineCloneTests.xctest */;
			productType = "com.apple.product-type.bundle.unit-test";
		};
		8EDA8D0C2B51165800705C9F /* LineCloneUITests */ = {
			isa = PBXNativeTarget;
			buildConfigurationList = 8EDA8D1D2B51165800705C9F /* Build configuration list for PBXNativeTarget "LineCloneUITests" */;
			buildPhases = (
				8EDA8D092B51165800705C9F /* Sources */,
				8EDA8D0A2B51165800705C9F /* Frameworks */,
				8EDA8D0B2B51165800705C9F /* Resources */,
			);
			buildRules = (
			);
			dependencies = (
				8EDA8D0F2B51165800705C9F /* PBXTargetDependency */,
			);
			name = LineCloneUITests;
			productName = LineCloneUITests;
			productReference = 8EDA8D0D2B51165800705C9F /* LineCloneUITests.xctest */;
			productType = "com.apple.product-type.bundle.ui-testing";
		};
/* End PBXNativeTarget section */

/* Begin PBXProject section */
		8EDA8CEB2B51165500705C9F /* Project object */ = {
			isa = PBXProject;
			attributes = {
				BuildIndependentTargetsInParallel = 1;
				LastSwiftUpdateCheck = 1520;
				LastUpgradeCheck = 1520;
				TargetAttributes = {
					8EDA8CF22B51165500705C9F = {
						CreatedOnToolsVersion = 15.2;
					};
					8EDA8D022B51165800705C9F = {
						CreatedOnToolsVersion = 15.2;
						TestTargetID = 8EDA8CF22B51165500705C9F;
					};
					8EDA8D0C2B51165800705C9F = {
						CreatedOnToolsVersion = 15.2;
						TestTargetID = 8EDA8CF22B51165500705C9F;
					};
				};
			};
			buildConfigurationList = 8EDA8CEE2B51165500705C9F /* Build configuration list for PBXProject "LineClone" */;
			compatibilityVersion = "Xcode 14.0";
			developmentRegion = en;
			hasScannedForEncodings = 0;
			knownRegions = (
				en,
				Base,
			);
			mainGroup = 8EDA8CEA2B51165500705C9F;
			packageReferences = (
				8E4BB4922B5159240039FBB7 /* XCRemoteSwiftPackageReference "firebase-ios-sdk" */,
				8E4BB4A82B525D090039FBB7 /* XCRemoteSwiftPackageReference "GoogleSignIn-iOS" */,
			);
			productRefGroup = 8EDA8CF42B51165500705C9F /* Products */;
			projectDirPath = "";
			projectRoot = "";
			targets = (
				8EDA8CF22B51165500705C9F /* LineClone */,
				8EDA8D022B51165800705C9F /* LineCloneTests */,
				8EDA8D0C2B51165800705C9F /* LineCloneUITests */,
			);
		};
/* End PBXProject section */

/* Begin PBXResourcesBuildPhase section */
		8EDA8CF12B51165500705C9F /* Resources */ = {
			isa = PBXResourcesBuildPhase;
			buildActionMask = 2147483647;
			files = (
				8EDA8D232B514D9600705C9F /* Colors.xcassets in Resources */,
				8EA7802E2B51523D00ADE621 /* LaunchScreen.storyboard in Resources */,
				8EDA8CFE2B51165700705C9F /* Preview Assets.xcassets in Resources */,
				8E4BB4992B515F820039FBB7 /* GoogleService-Info.plist in Resources */,
				8EDA8CFB2B51165700705C9F /* Assets.xcassets in Resources */,
			);
			runOnlyForDeploymentPostprocessing = 0;
		};
		8EDA8D012B51165800705C9F /* Resources */ = {
			isa = PBXResourcesBuildPhase;
			buildActionMask = 2147483647;
			files = (
			);
			runOnlyForDeploymentPostprocessing = 0;
		};
		8EDA8D0B2B51165800705C9F /* Resources */ = {
			isa = PBXResourcesBuildPhase;
			buildActionMask = 2147483647;
			files = (
			);
			runOnlyForDeploymentPostprocessing = 0;
		};
/* End PBXResourcesBuildPhase section */

/* Begin PBXSourcesBuildPhase section */
		8EDA8CEF2B51165500705C9F /* Sources */ = {
			isa = PBXSourcesBuildPhase;
			buildActionMask = 2147483647;
			files = (
				8E4BB4AF2B525E1E0039FBB7 /* User.swift in Sources */,
				8E6BBDC22B53BD9700317EDA /* HomeViewModel.swift in Sources */,
				8E6BBDCE2B53D0D600317EDA /* DBError.swift in Sources */,
				8E15C78A2B5BA091001468C7 /* ChatData.swift in Sources */,
				8E4BB48F2B5155940039FBB7 /* AuthenticationViewModel.swift in Sources */,
				8E15C73A2B56727D001468C7 /* PhotoImage.swift in Sources */,
				8E15C74B2B57A0AC001468C7 /* MemoryStorage.swift in Sources */,
				8E4BB48C2B5154AA0039FBB7 /* Services.swift in Sources */,
				8E15C79B2B5D491B001468C7 /* ChatObject.swift in Sources */,
				8E15C76F2B5A5044001468C7 /* SearchButton.swift in Sources */,
				8ED0B9512B5515F200DDA888 /* HomeModalDestination.swift in Sources */,
				8E15C75E2B57C807001468C7 /* ChatRoomService.swift in Sources */,
				8E15C74D2B57A17E001468C7 /* DiskStorage.swift in Sources */,
				8E15C7652B57DA37001468C7 /* NavigationRouter.swift in Sources */,
				8E4BB4892B5154750039FBB7 /* DIContainer.swift in Sources */,
				8EDA8D212B51487700705C9F /* Color+Extension.swift in Sources */,
				8ED0B9582B551E6500DDA888 /* ContactService.swift in Sources */,
				8ED0B94F2B55144100DDA888 /* ErrorView.swift in Sources */,
				8E4BB4972B5159A30039FBB7 /* AppDelegate.swift in Sources */,
				8E15C79D2B5D4A60001468C7 /* ChatService.swift in Sources */,
				8E4BB4A32B5163740039FBB7 /* MainTabView.swift in Sources */,
				8EDA8CF92B51165500705C9F /* AuthenticatedView.swift in Sources */,
				8E6BBDD02B53D33800317EDA /* Constant.swift in Sources */,
				8E15C7602B57CB76001468C7 /* ChatRoom.swift in Sources */,
				8E15C7412B5795A2001468C7 /* UploadProvider.swift in Sources */,
				8E15C79F2B5D5C4D001468C7 /* DBReference.swift in Sources */,
				8E6BBDB52B53B8A900317EDA /* MainTabType.swift in Sources */,
				8E4BB4A72B5253CC0039FBB7 /* LoginButtonStyle.swift in Sources */,
				8ED0B9542B5516A900DDA888 /* MyProfileView.swift in Sources */,
				8EDA8CF72B51165500705C9F /* LineCloneApp.swift in Sources */,
				8ED0B9562B5516B900DDA888 /* OtherProfileView.swift in Sources */,
				8E15C7562B57BD7D001468C7 /* OtherProfileViewModel.swift in Sources */,
				8E4BB4A52B52522D0039FBB7 /* LoginView.swift in Sources */,
				8E15C7432B579688001468C7 /* UploadService.swift in Sources */,
				8E15C7882B5B9FEC001468C7 /* Chat.swift in Sources */,
				8E4BB49B2B5160460039FBB7 /* AuthenticationService.swift in Sources */,
				8E6BBDBE2B53BA5E00317EDA /* HomeView.swift in Sources */,
				8ED0B95A2B556BB200DDA888 /* MyprofileViewModel.swift in Sources */,
				8E4BB4B12B525E7F0039FBB7 /* ServiceError.swift in Sources */,
				8ED0B95C2B556F8200DDA888 /* MyProfileMenuType.swift in Sources */,
				8E15C78C2B5BA122001468C7 /* Date+Extension.swift in Sources */,
				8E15C7582B57BDF9001468C7 /* OtherProfileMenuType.swift in Sources */,
				8E15C7352B565AA1001468C7 /* MyProfileDescEditView.swift in Sources */,
				8E15C75A2B57C1ED001468C7 /* ChatRoomDBRepository.swift in Sources */,
				8E15C7902B5BA616001468C7 /* ChatItemDirection.swift in Sources */,
				8E15C7862B5B99BA001468C7 /* ChatViewModel.swift in Sources */,
				8E15C76D2B5A4E3E001468C7 /* ChatListViewModel.swift in Sources */,
				8E15C78E2B5BA5FF001468C7 /* ChatItemView.swift in Sources */,
				8E6BBDC92B53CF0E00317EDA /* UserService.swift in Sources */,
				8E15C7992B5D46E3001468C7 /* ChatDBRepository.swift in Sources */,
				8E15C75C2B57C26C001468C7 /* ChatRoomObject.swift in Sources */,
				8E15C7372B567063001468C7 /* PhotoPickerService.swift in Sources */,
				8ED0B94B2B55133900DDA888 /* PlaceholderView.swift in Sources */,
				8E6BBDC72B53CE8B00317EDA /* UserDBRepository.swift in Sources */,
				8E15C74F2B57AA80001468C7 /* URLImageView.swift in Sources */,
				8E15C7522B57AAA4001468C7 /* URLImageViewModel.swift in Sources */,
				8E15C7922B5BAE37001468C7 /* KeyboardToolbar.swift in Sources */,
				8E15C7682B57DD6E001468C7 /* ChatView.swift in Sources */,
				8E15C7462B579767001468C7 /* UploadSourceType.swift in Sources */,
				8E15C76B2B57DDA0001468C7 /* SearchView.swift in Sources */,
				8E15C7482B579EA8001468C7 /* ImageCacheService.swift in Sources */,
				8E4BB4A12B5163500039FBB7 /* LoginIntroView.swift in Sources */,
				8E6BBDC02B53BA6600317EDA /* ChatListView.swift in Sources */,
				8E6BBDCC2B53D08000317EDA /* UserObject.swift in Sources */,
				8ED0B9492B5511DF00DDA888 /* Phase.swift in Sources */,
				8E15C7632B57D9F9001468C7 /* NavigationDestination.swift in Sources */,
				8E15C7712B5A5C1E001468C7 /* NavigationRoutingView.swift in Sources */,
				8ED0B94D2B5513BA00DDA888 /* LoadingView.swift in Sources */,
			);
			runOnlyForDeploymentPostprocessing = 0;
		};
		8EDA8CFF2B51165800705C9F /* Sources */ = {
			isa = PBXSourcesBuildPhase;
			buildActionMask = 2147483647;
			files = (
				8EDA8D082B51165800705C9F /* LineCloneTests.swift in Sources */,
			);
			runOnlyForDeploymentPostprocessing = 0;
		};
		8EDA8D092B51165800705C9F /* Sources */ = {
			isa = PBXSourcesBuildPhase;
			buildActionMask = 2147483647;
			files = (
				8EDA8D142B51165800705C9F /* LineCloneUITestsLaunchTests.swift in Sources */,
				8EDA8D122B51165800705C9F /* LineCloneUITests.swift in Sources */,
			);
			runOnlyForDeploymentPostprocessing = 0;
		};
/* End PBXSourcesBuildPhase section */

/* Begin PBXTargetDependency section */
		8EDA8D052B51165800705C9F /* PBXTargetDependency */ = {
			isa = PBXTargetDependency;
			target = 8EDA8CF22B51165500705C9F /* LineClone */;
			targetProxy = 8EDA8D042B51165800705C9F /* PBXContainerItemProxy */;
		};
		8EDA8D0F2B51165800705C9F /* PBXTargetDependency */ = {
			isa = PBXTargetDependency;
			target = 8EDA8CF22B51165500705C9F /* LineClone */;
			targetProxy = 8EDA8D0E2B51165800705C9F /* PBXContainerItemProxy */;
		};
/* End PBXTargetDependency section */

/* Begin XCBuildConfiguration section */
		8EDA8D152B51165800705C9F /* Debug */ = {
			isa = XCBuildConfiguration;
			buildSettings = {
				ALWAYS_SEARCH_USER_PATHS = NO;
				ASSETCATALOG_COMPILER_GENERATE_SWIFT_ASSET_SYMBOL_EXTENSIONS = YES;
				CLANG_ANALYZER_NONNULL = YES;
				CLANG_ANALYZER_NUMBER_OBJECT_CONVERSION = YES_AGGRESSIVE;
				CLANG_CXX_LANGUAGE_STANDARD = "gnu++20";
				CLANG_ENABLE_MODULES = YES;
				CLANG_ENABLE_OBJC_ARC = YES;
				CLANG_ENABLE_OBJC_WEAK = YES;
				CLANG_WARN_BLOCK_CAPTURE_AUTORELEASING = YES;
				CLANG_WARN_BOOL_CONVERSION = YES;
				CLANG_WARN_COMMA = YES;
				CLANG_WARN_CONSTANT_CONVERSION = YES;
				CLANG_WARN_DEPRECATED_OBJC_IMPLEMENTATIONS = YES;
				CLANG_WARN_DIRECT_OBJC_ISA_USAGE = YES_ERROR;
				CLANG_WARN_DOCUMENTATION_COMMENTS = YES;
				CLANG_WARN_EMPTY_BODY = YES;
				CLANG_WARN_ENUM_CONVERSION = YES;
				CLANG_WARN_INFINITE_RECURSION = YES;
				CLANG_WARN_INT_CONVERSION = YES;
				CLANG_WARN_NON_LITERAL_NULL_CONVERSION = YES;
				CLANG_WARN_OBJC_IMPLICIT_RETAIN_SELF = YES;
				CLANG_WARN_OBJC_LITERAL_CONVERSION = YES;
				CLANG_WARN_OBJC_ROOT_CLASS = YES_ERROR;
				CLANG_WARN_QUOTED_INCLUDE_IN_FRAMEWORK_HEADER = YES;
				CLANG_WARN_RANGE_LOOP_ANALYSIS = YES;
				CLANG_WARN_STRICT_PROTOTYPES = YES;
				CLANG_WARN_SUSPICIOUS_MOVE = YES;
				CLANG_WARN_UNGUARDED_AVAILABILITY = YES_AGGRESSIVE;
				CLANG_WARN_UNREACHABLE_CODE = YES;
				CLANG_WARN__DUPLICATE_METHOD_MATCH = YES;
				COPY_PHASE_STRIP = NO;
				DEBUG_INFORMATION_FORMAT = dwarf;
				ENABLE_STRICT_OBJC_MSGSEND = YES;
				ENABLE_TESTABILITY = YES;
				ENABLE_USER_SCRIPT_SANDBOXING = YES;
				GCC_C_LANGUAGE_STANDARD = gnu17;
				GCC_DYNAMIC_NO_PIC = NO;
				GCC_NO_COMMON_BLOCKS = YES;
				GCC_OPTIMIZATION_LEVEL = 0;
				GCC_PREPROCESSOR_DEFINITIONS = (
					"DEBUG=1",
					"$(inherited)",
				);
				GCC_WARN_64_TO_32_BIT_CONVERSION = YES;
				GCC_WARN_ABOUT_RETURN_TYPE = YES_ERROR;
				GCC_WARN_UNDECLARED_SELECTOR = YES;
				GCC_WARN_UNINITIALIZED_AUTOS = YES_AGGRESSIVE;
				GCC_WARN_UNUSED_FUNCTION = YES;
				GCC_WARN_UNUSED_VARIABLE = YES;
				IPHONEOS_DEPLOYMENT_TARGET = 17.2;
				LOCALIZATION_PREFERS_STRING_CATALOGS = YES;
				MTL_ENABLE_DEBUG_INFO = INCLUDE_SOURCE;
				MTL_FAST_MATH = YES;
				ONLY_ACTIVE_ARCH = YES;
				SDKROOT = iphoneos;
				SWIFT_ACTIVE_COMPILATION_CONDITIONS = "DEBUG $(inherited)";
				SWIFT_OPTIMIZATION_LEVEL = "-Onone";
			};
			name = Debug;
		};
		8EDA8D162B51165800705C9F /* Release */ = {
			isa = XCBuildConfiguration;
			buildSettings = {
				ALWAYS_SEARCH_USER_PATHS = NO;
				ASSETCATALOG_COMPILER_GENERATE_SWIFT_ASSET_SYMBOL_EXTENSIONS = YES;
				CLANG_ANALYZER_NONNULL = YES;
				CLANG_ANALYZER_NUMBER_OBJECT_CONVERSION = YES_AGGRESSIVE;
				CLANG_CXX_LANGUAGE_STANDARD = "gnu++20";
				CLANG_ENABLE_MODULES = YES;
				CLANG_ENABLE_OBJC_ARC = YES;
				CLANG_ENABLE_OBJC_WEAK = YES;
				CLANG_WARN_BLOCK_CAPTURE_AUTORELEASING = YES;
				CLANG_WARN_BOOL_CONVERSION = YES;
				CLANG_WARN_COMMA = YES;
				CLANG_WARN_CONSTANT_CONVERSION = YES;
				CLANG_WARN_DEPRECATED_OBJC_IMPLEMENTATIONS = YES;
				CLANG_WARN_DIRECT_OBJC_ISA_USAGE = YES_ERROR;
				CLANG_WARN_DOCUMENTATION_COMMENTS = YES;
				CLANG_WARN_EMPTY_BODY = YES;
				CLANG_WARN_ENUM_CONVERSION = YES;
				CLANG_WARN_INFINITE_RECURSION = YES;
				CLANG_WARN_INT_CONVERSION = YES;
				CLANG_WARN_NON_LITERAL_NULL_CONVERSION = YES;
				CLANG_WARN_OBJC_IMPLICIT_RETAIN_SELF = YES;
				CLANG_WARN_OBJC_LITERAL_CONVERSION = YES;
				CLANG_WARN_OBJC_ROOT_CLASS = YES_ERROR;
				CLANG_WARN_QUOTED_INCLUDE_IN_FRAMEWORK_HEADER = YES;
				CLANG_WARN_RANGE_LOOP_ANALYSIS = YES;
				CLANG_WARN_STRICT_PROTOTYPES = YES;
				CLANG_WARN_SUSPICIOUS_MOVE = YES;
				CLANG_WARN_UNGUARDED_AVAILABILITY = YES_AGGRESSIVE;
				CLANG_WARN_UNREACHABLE_CODE = YES;
				CLANG_WARN__DUPLICATE_METHOD_MATCH = YES;
				COPY_PHASE_STRIP = NO;
				DEBUG_INFORMATION_FORMAT = "dwarf-with-dsym";
				ENABLE_NS_ASSERTIONS = NO;
				ENABLE_STRICT_OBJC_MSGSEND = YES;
				ENABLE_USER_SCRIPT_SANDBOXING = YES;
				GCC_C_LANGUAGE_STANDARD = gnu17;
				GCC_NO_COMMON_BLOCKS = YES;
				GCC_WARN_64_TO_32_BIT_CONVERSION = YES;
				GCC_WARN_ABOUT_RETURN_TYPE = YES_ERROR;
				GCC_WARN_UNDECLARED_SELECTOR = YES;
				GCC_WARN_UNINITIALIZED_AUTOS = YES_AGGRESSIVE;
				GCC_WARN_UNUSED_FUNCTION = YES;
				GCC_WARN_UNUSED_VARIABLE = YES;
				IPHONEOS_DEPLOYMENT_TARGET = 17.2;
				LOCALIZATION_PREFERS_STRING_CATALOGS = YES;
				MTL_ENABLE_DEBUG_INFO = NO;
				MTL_FAST_MATH = YES;
				SDKROOT = iphoneos;
				SWIFT_COMPILATION_MODE = wholemodule;
				VALIDATE_PRODUCT = YES;
			};
			name = Release;
		};
		8EDA8D182B51165800705C9F /* Debug */ = {
			isa = XCBuildConfiguration;
			buildSettings = {
				ASSETCATALOG_COMPILER_APPICON_NAME = AppIcon;
				ASSETCATALOG_COMPILER_GLOBAL_ACCENT_COLOR_NAME = AccentColor;
				CODE_SIGN_STYLE = Automatic;
				CURRENT_PROJECT_VERSION = 1;
				DEVELOPMENT_ASSET_PATHS = "\"LineClone/Preview Content\"";
				DEVELOPMENT_TEAM = 9GGZWXBXQ6;
				ENABLE_PREVIEWS = YES;
				GENERATE_INFOPLIST_FILE = YES;
				INFOPLIST_FILE = LineClone/Info.plist;
				INFOPLIST_KEY_NSContactsUsageDescription = "친구 목록을 가져옵니다.";
				INFOPLIST_KEY_UIApplicationSceneManifest_Generation = YES;
				INFOPLIST_KEY_UIApplicationSupportsIndirectInputEvents = YES;
				INFOPLIST_KEY_UILaunchStoryboardName = LaunchScreen;
				INFOPLIST_KEY_UISupportedInterfaceOrientations_iPad = "UIInterfaceOrientationPortrait UIInterfaceOrientationPortraitUpsideDown UIInterfaceOrientationLandscapeLeft UIInterfaceOrientationLandscapeRight";
				INFOPLIST_KEY_UISupportedInterfaceOrientations_iPhone = "UIInterfaceOrientationPortrait UIInterfaceOrientationLandscapeLeft UIInterfaceOrientationLandscapeRight";
				LD_RUNPATH_SEARCH_PATHS = (
					"$(inherited)",
					"@executable_path/Frameworks",
				);
				MARKETING_VERSION = 1.0;
				PRODUCT_BUNDLE_IDENTIFIER = YangCustom.LineClone;
				PRODUCT_NAME = "$(TARGET_NAME)";
				SWIFT_EMIT_LOC_STRINGS = YES;
				SWIFT_VERSION = 5.0;
				TARGETED_DEVICE_FAMILY = "1,2";
			};
			name = Debug;
		};
		8EDA8D192B51165800705C9F /* Release */ = {
			isa = XCBuildConfiguration;
			buildSettings = {
				ASSETCATALOG_COMPILER_APPICON_NAME = AppIcon;
				ASSETCATALOG_COMPILER_GLOBAL_ACCENT_COLOR_NAME = AccentColor;
				CODE_SIGN_STYLE = Automatic;
				CURRENT_PROJECT_VERSION = 1;
				DEVELOPMENT_ASSET_PATHS = "\"LineClone/Preview Content\"";
				DEVELOPMENT_TEAM = 9GGZWXBXQ6;
				ENABLE_PREVIEWS = YES;
				GENERATE_INFOPLIST_FILE = YES;
				INFOPLIST_FILE = LineClone/Info.plist;
				INFOPLIST_KEY_NSContactsUsageDescription = "친구 목록을 가져옵니다.";
				INFOPLIST_KEY_UIApplicationSceneManifest_Generation = YES;
				INFOPLIST_KEY_UIApplicationSupportsIndirectInputEvents = YES;
				INFOPLIST_KEY_UILaunchStoryboardName = LaunchScreen;
				INFOPLIST_KEY_UISupportedInterfaceOrientations_iPad = "UIInterfaceOrientationPortrait UIInterfaceOrientationPortraitUpsideDown UIInterfaceOrientationLandscapeLeft UIInterfaceOrientationLandscapeRight";
				INFOPLIST_KEY_UISupportedInterfaceOrientations_iPhone = "UIInterfaceOrientationPortrait UIInterfaceOrientationLandscapeLeft UIInterfaceOrientationLandscapeRight";
				LD_RUNPATH_SEARCH_PATHS = (
					"$(inherited)",
					"@executable_path/Frameworks",
				);
				MARKETING_VERSION = 1.0;
				PRODUCT_BUNDLE_IDENTIFIER = YangCustom.LineClone;
				PRODUCT_NAME = "$(TARGET_NAME)";
				SWIFT_EMIT_LOC_STRINGS = YES;
				SWIFT_VERSION = 5.0;
				TARGETED_DEVICE_FAMILY = "1,2";
			};
			name = Release;
		};
		8EDA8D1B2B51165800705C9F /* Debug */ = {
			isa = XCBuildConfiguration;
			buildSettings = {
				ALWAYS_EMBED_SWIFT_STANDARD_LIBRARIES = YES;
				BUNDLE_LOADER = "$(TEST_HOST)";
				CODE_SIGN_STYLE = Automatic;
				CURRENT_PROJECT_VERSION = 1;
				DEVELOPMENT_TEAM = 9GGZWXBXQ6;
				GENERATE_INFOPLIST_FILE = YES;
				IPHONEOS_DEPLOYMENT_TARGET = 17.2;
				MARKETING_VERSION = 1.0;
				PRODUCT_BUNDLE_IDENTIFIER = YangCustom.LineCloneTests;
				PRODUCT_NAME = "$(TARGET_NAME)";
				SWIFT_EMIT_LOC_STRINGS = NO;
				SWIFT_VERSION = 5.0;
				TARGETED_DEVICE_FAMILY = "1,2";
				TEST_HOST = "$(BUILT_PRODUCTS_DIR)/LineClone.app/$(BUNDLE_EXECUTABLE_FOLDER_PATH)/LineClone";
			};
			name = Debug;
		};
		8EDA8D1C2B51165800705C9F /* Release */ = {
			isa = XCBuildConfiguration;
			buildSettings = {
				ALWAYS_EMBED_SWIFT_STANDARD_LIBRARIES = YES;
				BUNDLE_LOADER = "$(TEST_HOST)";
				CODE_SIGN_STYLE = Automatic;
				CURRENT_PROJECT_VERSION = 1;
				DEVELOPMENT_TEAM = 9GGZWXBXQ6;
				GENERATE_INFOPLIST_FILE = YES;
				IPHONEOS_DEPLOYMENT_TARGET = 17.2;
				MARKETING_VERSION = 1.0;
				PRODUCT_BUNDLE_IDENTIFIER = YangCustom.LineCloneTests;
				PRODUCT_NAME = "$(TARGET_NAME)";
				SWIFT_EMIT_LOC_STRINGS = NO;
				SWIFT_VERSION = 5.0;
				TARGETED_DEVICE_FAMILY = "1,2";
				TEST_HOST = "$(BUILT_PRODUCTS_DIR)/LineClone.app/$(BUNDLE_EXECUTABLE_FOLDER_PATH)/LineClone";
			};
			name = Release;
		};
		8EDA8D1E2B51165800705C9F /* Debug */ = {
			isa = XCBuildConfiguration;
			buildSettings = {
				ALWAYS_EMBED_SWIFT_STANDARD_LIBRARIES = YES;
				CODE_SIGN_STYLE = Automatic;
				CURRENT_PROJECT_VERSION = 1;
				DEVELOPMENT_TEAM = 9GGZWXBXQ6;
				GENERATE_INFOPLIST_FILE = YES;
				MARKETING_VERSION = 1.0;
				PRODUCT_BUNDLE_IDENTIFIER = YangCustom.LineCloneUITests;
				PRODUCT_NAME = "$(TARGET_NAME)";
				SWIFT_EMIT_LOC_STRINGS = NO;
				SWIFT_VERSION = 5.0;
				TARGETED_DEVICE_FAMILY = "1,2";
				TEST_TARGET_NAME = LineClone;
			};
			name = Debug;
		};
		8EDA8D1F2B51165800705C9F /* Release */ = {
			isa = XCBuildConfiguration;
			buildSettings = {
				ALWAYS_EMBED_SWIFT_STANDARD_LIBRARIES = YES;
				CODE_SIGN_STYLE = Automatic;
				CURRENT_PROJECT_VERSION = 1;
				DEVELOPMENT_TEAM = 9GGZWXBXQ6;
				GENERATE_INFOPLIST_FILE = YES;
				MARKETING_VERSION = 1.0;
				PRODUCT_BUNDLE_IDENTIFIER = YangCustom.LineCloneUITests;
				PRODUCT_NAME = "$(TARGET_NAME)";
				SWIFT_EMIT_LOC_STRINGS = NO;
				SWIFT_VERSION = 5.0;
				TARGETED_DEVICE_FAMILY = "1,2";
				TEST_TARGET_NAME = LineClone;
			};
			name = Release;
		};
/* End XCBuildConfiguration section */

/* Begin XCConfigurationList section */
		8EDA8CEE2B51165500705C9F /* Build configuration list for PBXProject "LineClone" */ = {
			isa = XCConfigurationList;
			buildConfigurations = (
				8EDA8D152B51165800705C9F /* Debug */,
				8EDA8D162B51165800705C9F /* Release */,
			);
			defaultConfigurationIsVisible = 0;
			defaultConfigurationName = Release;
		};
		8EDA8D172B51165800705C9F /* Build configuration list for PBXNativeTarget "LineClone" */ = {
			isa = XCConfigurationList;
			buildConfigurations = (
				8EDA8D182B51165800705C9F /* Debug */,
				8EDA8D192B51165800705C9F /* Release */,
			);
			defaultConfigurationIsVisible = 0;
			defaultConfigurationName = Release;
		};
		8EDA8D1A2B51165800705C9F /* Build configuration list for PBXNativeTarget "LineCloneTests" */ = {
			isa = XCConfigurationList;
			buildConfigurations = (
				8EDA8D1B2B51165800705C9F /* Debug */,
				8EDA8D1C2B51165800705C9F /* Release */,
			);
			defaultConfigurationIsVisible = 0;
			defaultConfigurationName = Release;
		};
		8EDA8D1D2B51165800705C9F /* Build configuration list for PBXNativeTarget "LineCloneUITests" */ = {
			isa = XCConfigurationList;
			buildConfigurations = (
				8EDA8D1E2B51165800705C9F /* Debug */,
				8EDA8D1F2B51165800705C9F /* Release */,
			);
			defaultConfigurationIsVisible = 0;
			defaultConfigurationName = Release;
		};
/* End XCConfigurationList section */

/* Begin XCRemoteSwiftPackageReference section */
		8E4BB4922B5159240039FBB7 /* XCRemoteSwiftPackageReference "firebase-ios-sdk" */ = {
			isa = XCRemoteSwiftPackageReference;
			repositoryURL = "https://github.com/firebase/firebase-ios-sdk";
			requirement = {
				kind = upToNextMajorVersion;
				minimumVersion = 10.19.1;
			};
		};
		8E4BB4A82B525D090039FBB7 /* XCRemoteSwiftPackageReference "GoogleSignIn-iOS" */ = {
			isa = XCRemoteSwiftPackageReference;
			repositoryURL = "https://github.com/google/GoogleSignIn-iOS";
			requirement = {
				kind = upToNextMajorVersion;
				minimumVersion = 7.0.0;
			};
		};
/* End XCRemoteSwiftPackageReference section */

/* Begin XCSwiftPackageProductDependency section */
		8E15C73B2B579552001468C7 /* FirebaseStorage */ = {
			isa = XCSwiftPackageProductDependency;
			package = 8E4BB4922B5159240039FBB7 /* XCRemoteSwiftPackageReference "firebase-ios-sdk" */;
			productName = FirebaseStorage;
		};
		8E15C73D2B579552001468C7 /* FirebaseStorageCombine-Community */ = {
			isa = XCSwiftPackageProductDependency;
			package = 8E4BB4922B5159240039FBB7 /* XCRemoteSwiftPackageReference "firebase-ios-sdk" */;
			productName = "FirebaseStorageCombine-Community";
		};
		8E4BB4942B51595A0039FBB7 /* FirebaseAuth */ = {
			isa = XCSwiftPackageProductDependency;
			package = 8E4BB4922B5159240039FBB7 /* XCRemoteSwiftPackageReference "firebase-ios-sdk" */;
			productName = FirebaseAuth;
		};
		8E4BB4A92B525D240039FBB7 /* GoogleSignIn */ = {
			isa = XCSwiftPackageProductDependency;
			package = 8E4BB4A82B525D090039FBB7 /* XCRemoteSwiftPackageReference "GoogleSignIn-iOS" */;
			productName = GoogleSignIn;
		};
		8E4BB4AB2B525D2A0039FBB7 /* GoogleSignInSwift */ = {
			isa = XCSwiftPackageProductDependency;
			package = 8E4BB4A82B525D090039FBB7 /* XCRemoteSwiftPackageReference "GoogleSignIn-iOS" */;
			productName = GoogleSignInSwift;
		};
		8E6BBDC32B53CB4F00317EDA /* FirebaseDatabase */ = {
			isa = XCSwiftPackageProductDependency;
			package = 8E4BB4922B5159240039FBB7 /* XCRemoteSwiftPackageReference "firebase-ios-sdk" */;
			productName = FirebaseDatabase;
		};
/* End XCSwiftPackageProductDependency section */
	};
	rootObject = 8EDA8CEB2B51165500705C9F /* Project object */;
}
